
Microsoft Visual Studio Solution File, Format Version 12.00
# Visual Studio Version 16
VisualStudioVersion = 16.0.30717.126
MinimumVisualStudioVersion = 10.0.40219.1
Project("{9A19103F-16F7-4668-BE54-9A1E7A4F7556}") = "ELearnWeb", "ELearnWeb.csproj", "{AE9D1922-A338-4A6A-BF35-6051DC3754A3}"
EndProject
Project("{00D1A9C2-B5F0-4AF3-8072-F6C62B433612}") = "Database", "Database\Database1\Database.sqlproj", "{9F425B29-F3EA-4821-9488-291809000F88}"
EndProject
Global
	GlobalSection(SolutionConfigurationPlatforms) = preSolution
		Debug|Any CPU = Debug|Any CPU
		Release|Any CPU = Release|Any CPU
	EndGlobalSection
	GlobalSection(ProjectConfigurationPlatforms) = postSolution
		{AE9D1922-A338-4A6A-BF35-6051DC3754A3}.Debug|Any CPU.ActiveCfg = Debug|Any CPU
		{AE9D1922-A338-4A6A-BF35-6051DC3754A3}.Debug|Any CPU.Build.0 = Debug|Any CPU
		{AE9D1922-A338-4A6A-BF35-6051DC3754A3}.Release|Any CPU.ActiveCfg = Release|Any CPU
		{AE9D1922-A338-4A6A-BF35-6051DC3754A3}.Release|Any CPU.Build.0 = Release|Any CPU
		{9F425B29-F3EA-4821-9488-291809000F88}.Debug|Any CPU.ActiveCfg = Debug|Any CPU
		{9F425B29-F3EA-4821-9488-291809000F88}.Debug|Any CPU.Build.0 = Debug|Any CPU
		{9F425B29-F3EA-4821-9488-291809000F88}.Debug|Any CPU.Deploy.0 = Debug|Any CPU
		{9F425B29-F3EA-4821-9488-291809000F88}.Release|Any CPU.ActiveCfg = Release|Any CPU
		{9F425B29-F3EA-4821-9488-291809000F88}.Release|Any CPU.Build.0 = Release|Any CPU
		{9F425B29-F3EA-4821-9488-291809000F88}.Release|Any CPU.Deploy.0 = Release|Any CPU
	EndGlobalSection
	GlobalSection(SolutionProperties) = preSolution
		HideSolutionNode = FALSE
	EndGlobalSection
	GlobalSection(ExtensibilityGlobals) = postSolution
		SolutionGuid = {07C4223E-B8A5-4E6A-8382-0666A4344881}
	EndGlobalSection
EndGlobal
